// !$*UTF8*$!
{
	archiveVersion = 1;
	classes = {
	};
	objectVersion = 56;
	objects = {

/* Begin PBXBuildFile section */
		F4C7B327290413FC00FEC7C6 /* _0221018_AssignmentApp.swift in Sources */ = {isa = PBXBuildFile; fileRef = F4C7B326290413FC00FEC7C6 /* _0221018_AssignmentApp.swift */; };
		F4C7B329290413FC00FEC7C6 /* ContentView.swift in Sources */ = {isa = PBXBuildFile; fileRef = F4C7B328290413FC00FEC7C6 /* ContentView.swift */; };
		F4C7B32B290413FD00FEC7C6 /* Assets.xcassets in Resources */ = {isa = PBXBuildFile; fileRef = F4C7B32A290413FD00FEC7C6 /* Assets.xcassets */; };
		F4C7B32E290413FD00FEC7C6 /* Preview Assets.xcassets in Resources */ = {isa = PBXBuildFile; fileRef = F4C7B32D290413FD00FEC7C6 /* Preview Assets.xcassets */; };
		F4DE4BCB2904357B005CAB54 /* landmarkData.json in Resources */ = {isa = PBXBuildFile; fileRef = F4DE4BCA2904357B005CAB54 /* landmarkData.json */; };
		F4DE4BCD290568F5005CAB54 /* MapView.swift in Sources */ = {isa = PBXBuildFile; fileRef = F4DE4BCC290568F5005CAB54 /* MapView.swift */; };
		F4DE4BCF29056931005CAB54 /* CircleShape.swift in Sources */ = {isa = PBXBuildFile; fileRef = F4DE4BCE29056931005CAB54 /* CircleShape.swift */; };
		F4DE4BD12905695F005CAB54 /* FirstText.swift in Sources */ = {isa = PBXBuildFile; fileRef = F4DE4BD02905695F005CAB54 /* FirstText.swift */; };
		F4DE4BD3290569FF005CAB54 /* EachPage.swift in Sources */ = {isa = PBXBuildFile; fileRef = F4DE4BD2290569FF005CAB54 /* EachPage.swift */; };
/* End PBXBuildFile section */

/* Begin PBXFileReference section */
		F4C7B323290413FC00FEC7C6 /* 20221018_Assignment.app */ = {isa = PBXFileReference; explicitFileType = wrapper.application; includeInIndex = 0; path = 20221018_Assignment.app; sourceTree = BUILT_PRODUCTS_DIR; };
		F4C7B326290413FC00FEC7C6 /* _0221018_AssignmentApp.swift */ = {isa = PBXFileReference; lastKnownFileType = sourcecode.swift; path = _0221018_AssignmentApp.swift; sourceTree = "<group>"; };
		F4C7B328290413FC00FEC7C6 /* ContentView.swift */ = {isa = PBXFileReference; lastKnownFileType = sourcecode.swift; path = ContentView.swift; sourceTree = "<group>"; };
		F4C7B32A290413FD00FEC7C6 /* Assets.xcassets */ = {isa = PBXFileReference; lastKnownFileType = folder.assetcatalog; path = Assets.xcassets; sourceTree = "<group>"; };
		F4C7B32D290413FD00FEC7C6 /* Preview Assets.xcassets */ = {isa = PBXFileReference; lastKnownFileType = folder.assetcatalog; path = "Preview Assets.xcassets"; sourceTree = "<group>"; };
		F4DE4BCA2904357B005CAB54 /* landmarkData.json */ = {isa = PBXFileReference; lastKnownFileType = text.json; path = landmarkData.json; sourceTree = "<group>"; };
		F4DE4BCC290568F5005CAB54 /* MapView.swift */ = {isa = PBXFileReference; lastKnownFileType = sourcecode.swift; path = MapView.swift; sourceTree = "<group>"; };
		F4DE4BCE29056931005CAB54 /* CircleShape.swift */ = {isa = PBXFileReference; lastKnownFileType = sourcecode.swift; path = CircleShape.swift; sourceTree = "<group>"; };
		F4DE4BD02905695F005CAB54 /* FirstText.swift */ = {isa = PBXFileReference; lastKnownFileType = sourcecode.swift; path = FirstText.swift; sourceTree = "<group>"; };
		F4DE4BD2290569FF005CAB54 /* EachPage.swift */ = {isa = PBXFileReference; lastKnownFileType = sourcecode.swift; path = EachPage.swift; sourceTree = "<group>"; };
/* End PBXFileReference section */

/* Begin PBXFrameworksBuildPhase section */
		F4C7B320290413FC00FEC7C6 /* Frameworks */ = {
			isa = PBXFrameworksBuildPhase;
			buildActionMask = 2147483647;
			files = (
			);
			runOnlyForDeploymentPostprocessing = 0;
		};
/* End PBXFrameworksBuildPhase section */

/* Begin PBXGroup section */
		F4C7B31A290413FC00FEC7C6 = {
			isa = PBXGroup;
			children = (
				F4C7B325290413FC00FEC7C6 /* 20221018_Assignment */,
				F4C7B324290413FC00FEC7C6 /* Products */,
			);
			sourceTree = "<group>";
		};
		F4C7B324290413FC00FEC7C6 /* Products */ = {
			isa = PBXGroup;
			children = (
				F4C7B323290413FC00FEC7C6 /* 20221018_Assignment.app */,
			);
			name = Products;
			sourceTree = "<group>";
		};
		F4C7B325290413FC00FEC7C6 /* 20221018_Assignment */ = {
			isa = PBXGroup;
			children = (
				F4C7B326290413FC00FEC7C6 /* _0221018_AssignmentApp.swift */,
				F4C7B328290413FC00FEC7C6 /* ContentView.swift */,
				F4DE4BCC290568F5005CAB54 /* MapView.swift */,
				F4DE4BCE29056931005CAB54 /* CircleShape.swift */,
				F4DE4BD02905695F005CAB54 /* FirstText.swift */,
				F4DE4BD2290569FF005CAB54 /* EachPage.swift */,
				F4DE4BCA2904357B005CAB54 /* landmarkData.json */,
				F4C7B32A290413FD00FEC7C6 /* Assets.xcassets */,
				F4C7B32C290413FD00FEC7C6 /* Preview Content */,
			);
			path = 20221018_Assignment;
			sourceTree = "<group>";
		};
		F4C7B32C290413FD00FEC7C6 /* Preview Content */ = {
			isa = PBXGroup;
			children = (
				F4C7B32D290413FD00FEC7C6 /* Preview Assets.xcassets */,
			);
			path = "Preview Content";
			sourceTree = "<group>";
		};
/* End PBXGroup section */

/* Begin PBXNativeTarget section */
		F4C7B322290413FC00FEC7C6 /* 20221018_Assignment */ = {
			isa = PBXNativeTarget;
			buildConfigurationList = F4C7B331290413FD00FEC7C6 /* Build configuration list for PBXNativeTarget "20221018_Assignment" */;
			buildPhases = (
				F4C7B31F290413FC00FEC7C6 /* Sources */,
				F4C7B320290413FC00FEC7C6 /* Frameworks */,
				F4C7B321290413FC00FEC7C6 /* Resources */,
			);
			buildRules = (
			);
			dependencies = (
			);
			name = 20221018_Assignment;
			productName = 20221018_Assignment;
			productReference = F4C7B323290413FC00FEC7C6 /* 20221018_Assignment.app */;
			productType = "com.apple.product-type.application";
		};
/* End PBXNativeTarget section */

/* Begin PBXProject section */
		F4C7B31B290413FC00FEC7C6 /* Project object */ = {
			isa = PBXProject;
			attributes = {
				BuildIndependentTargetsInParallel = 1;
				LastSwiftUpdateCheck = 1400;
				LastUpgradeCheck = 1400;
				TargetAttributes = {
					F4C7B322290413FC00FEC7C6 = {
						CreatedOnToolsVersion = 14.0.1;
					};
				};
			};
			buildConfigurationList = F4C7B31E290413FC00FEC7C6 /* Build configuration list for PBXProject "20221018_Assignment" */;
			compatibilityVersion = "Xcode 14.0";
			developmentRegion = en;
			hasScannedForEncodings = 0;
			knownRegions = (
				en,
				Base,
			);
			mainGroup = F4C7B31A290413FC00FEC7C6;
			productRefGroup = F4C7B324290413FC00FEC7C6 /* Products */;
			projectDirPath = "";
			projectRoot = "";
			targets = (
				F4C7B322290413FC00FEC7C6 /* 20221018_Assignment */,
			);
		};
/* End PBXProject section */

/* Begin PBXResourcesBuildPhase section */
		F4C7B321290413FC00FEC7C6 /* Resources */ = {
			isa = PBXResourcesBuildPhase;
			buildActionMask = 2147483647;
			files = (
				F4C7B32E290413FD00FEC7C6 /* Preview Assets.xcassets in Resources */,
				F4C7B32B290413FD00FEC7C6 /* Assets.xcassets in Resources */,
				F4DE4BCB2904357B005CAB54 /* landmarkData.json in Resources */,
			);
			runOnlyForDeploymentPostprocessing = 0;
		};
/* End PBXResourcesBuildPhase section */

/* Begin PBXSourcesBuildPhase section */
		F4C7B31F290413FC00FEC7C6 /* Sources */ = {
			isa = PBXSourcesBuildPhase;
			buildActionMask = 2147483647;
			files = (
				F4C7B329290413FC00FEC7C6 /* ContentView.swift in Sources */,
				F4DE4BD12905695F005CAB54 /* FirstText.swift in Sources */,
				F4DE4BCD290568F5005CAB54 /* MapView.swift in Sources */,
				F4C7B327290413FC00FEC7C6 /* _0221018_AssignmentApp.swift in Sources */,
				F4DE4BCF29056931005CAB54 /* CircleShape.swift in Sources */,
				F4DE4BD3290569FF005CAB54 /* EachPage.swift in Sources */,
			);
			runOnlyForDeploymentPostprocessing = 0;
		};
/* End PBXSourcesBuildPhase section */

/* Begin XCBuildConfiguration section */
		F4C7B32F290413FD00FEC7C6 /* Debug */ = {
			isa = XCBuildConfiguration;
			buildSettings = {
				ALWAYS_SEARCH_USER_PATHS = NO;
				CLANG_ANALYZER_NONNULL = YES;
				CLANG_ANALYZER_NUMBER_OBJECT_CONVERSION = YES_AGGRESSIVE;
				CLANG_CXX_LANGUAGE_STANDARD = "gnu++20";
				CLANG_ENABLE_MODULES = YES;
				CLANG_ENABLE_OBJC_ARC = YES;
				CLANG_ENABLE_OBJC_WEAK = YES;
				CLANG_WARN_BLOCK_CAPTURE_AUTORELEASING = YES;
				CLANG_WARN_BOOL_CONVERSION = YES;
				CLANG_WARN_COMMA = YES;
				CLANG_WARN_CONSTANT_CONVERSION = YES;
				CLANG_WARN_DEPRECATED_OBJC_IMPLEMENTATIONS = YES;
				CLANG_WARN_DIRECT_OBJC_ISA_USAGE = YES_ERROR;
				CLANG_WARN_DOCUMENTATION_COMMENTS = YES;
				CLANG_WARN_EMPTY_BODY = YES;
				CLANG_WARN_ENUM_CONVERSION = YES;
				CLANG_WARN_INFINITE_RECURSION = YES;
				CLANG_WARN_INT_CONVERSION = YES;
				CLANG_WARN_NON_LITERAL_NULL_CONVERSION = YES;
				CLANG_WARN_OBJC_IMPLICIT_RETAIN_SELF = YES;
				CLANG_WARN_OBJC_LITERAL_CONVERSION = YES;
				CLANG_WARN_OBJC_ROOT_CLASS = YES_ERROR;
				CLANG_WARN_QUOTED_INCLUDE_IN_FRAMEWORK_HEADER = YES;
				CLANG_WARN_RANGE_LOOP_ANALYSIS = YES;
				CLANG_WARN_STRICT_PROTOTYPES = YES;
				CLANG_WARN_SUSPICIOUS_MOVE = YES;
				CLANG_WARN_UNGUARDED_AVAILABILITY = YES_AGGRESSIVE;
				CLANG_WARN_UNREACHABLE_CODE = YES;
				CLANG_WARN__DUPLICATE_METHOD_MATCH = YES;
				COPY_PHASE_STRIP = NO;
				DEBUG_INFORMATION_FORMAT = dwarf;
				ENABLE_STRICT_OBJC_MSGSEND = YES;
				ENABLE_TESTABILITY = YES;
				GCC_C_LANGUAGE_STANDARD = gnu11;
				GCC_DYNAMIC_NO_PIC = NO;
				GCC_NO_COMMON_BLOCKS = YES;
				GCC_OPTIMIZATION_LEVEL = 0;
				GCC_PREPROCESSOR_DEFINITIONS = (
					"DEBUG=1",
					"$(inherited)",
				);
				GCC_WARN_64_TO_32_BIT_CONVERSION = YES;
				GCC_WARN_ABOUT_RETURN_TYPE = YES_ERROR;
				GCC_WARN_UNDECLARED_SELECTOR = YES;
				GCC_WARN_UNINITIALIZED_AUTOS = YES_AGGRESSIVE;
				GCC_WARN_UNUSED_FUNCTION = YES;
				GCC_WARN_UNUSED_VARIABLE = YES;
				IPHONEOS_DEPLOYMENT_TARGET = 16.0;
				MTL_ENABLE_DEBUG_INFO = INCLUDE_SOURCE;
				MTL_FAST_MATH = YES;
				ONLY_ACTIVE_ARCH = YES;
				SDKROOT = iphoneos;
				SWIFT_ACTIVE_COMPILATION_CONDITIONS = DEBUG;
				SWIFT_OPTIMIZATION_LEVEL = "-Onone";
			};
			name = Debug;
		};
		F4C7B330290413FD00FEC7C6 /* Release */ = {
			isa = XCBuildConfiguration;
			buildSettings = {
				ALWAYS_SEARCH_USER_PATHS = NO;
				CLANG_ANALYZER_NONNULL = YES;
				CLANG_ANALYZER_NUMBER_OBJECT_CONVERSION = YES_AGGRESSIVE;
				CLANG_CXX_LANGUAGE_STANDARD = "gnu++20";
				CLANG_ENABLE_MODULES = YES;
				CLANG_ENABLE_OBJC_ARC = YES;
				CLANG_ENABLE_OBJC_WEAK = YES;
				CLANG_WARN_BLOCK_CAPTURE_AUTORELEASING = YES;
				CLANG_WARN_BOOL_CONVERSION = YES;
				CLANG_WARN_COMMA = YES;
				CLANG_WARN_CONSTANT_CONVERSION = YES;
				CLANG_WARN_DEPRECATED_OBJC_IMPLEMENTATIONS = YES;
				CLANG_WARN_DIRECT_OBJC_ISA_USAGE = YES_ERROR;
				CLANG_WARN_DOCUMENTATION_COMMENTS = YES;
				CLANG_WARN_EMPTY_BODY = YES;
				CLANG_WARN_ENUM_CONVERSION = YES;
				CLANG_WARN_INFINITE_RECURSION = YES;
				CLANG_WARN_INT_CONVERSION = YES;
				CLANG_WARN_NON_LITERAL_NULL_CONVERSION = YES;
				CLANG_WARN_OBJC_IMPLICIT_RETAIN_SELF = YES;
				CLANG_WARN_OBJC_LITERAL_CONVERSION = YES;
				CLANG_WARN_OBJC_ROOT_CLASS = YES_ERROR;
				CLANG_WARN_QUOTED_INCLUDE_IN_FRAMEWORK_HEADER = YES;
				CLANG_WARN_RANGE_LOOP_ANALYSIS = YES;
				CLANG_WARN_STRICT_PROTOTYPES = YES;
				CLANG_WARN_SUSPICIOUS_MOVE = YES;
				CLANG_WARN_UNGUARDED_AVAILABILITY = YES_AGGRESSIVE;
				CLANG_WARN_UNREACHABLE_CODE = YES;
				CLANG_WARN__DUPLICATE_METHOD_MATCH = YES;
				COPY_PHASE_STRIP = NO;
				DEBUG_INFORMATION_FORMAT = "dwarf-with-dsym";
				ENABLE_NS_ASSERTIONS = NO;
				ENABLE_STRICT_OBJC_MSGSEND = YES;
				GCC_C_LANGUAGE_STANDARD = gnu11;
				GCC_NO_COMMON_BLOCKS = YES;
				GCC_WARN_64_TO_32_BIT_CONVERSION = YES;
				GCC_WARN_ABOUT_RETURN_TYPE = YES_ERROR;
				GCC_WARN_UNDECLARED_SELECTOR = YES;
				GCC_WARN_UNINITIALIZED_AUTOS = YES_AGGRESSIVE;
				GCC_WARN_UNUSED_FUNCTION = YES;
				GCC_WARN_UNUSED_VARIABLE = YES;
				IPHONEOS_DEPLOYMENT_TARGET = 16.0;
				MTL_ENABLE_DEBUG_INFO = NO;
				MTL_FAST_MATH = YES;
				SDKROOT = iphoneos;
				SWIFT_COMPILATION_MODE = wholemodule;
				SWIFT_OPTIMIZATION_LEVEL = "-O";
				VALIDATE_PRODUCT = YES;
			};
			name = Release;
		};
		F4C7B332290413FD00FEC7C6 /* Debug */ = {
			isa = XCBuildConfiguration;
			buildSettings = {
				ASSETCATALOG_COMPILER_APPICON_NAME = AppIcon;
				ASSETCATALOG_COMPILER_GLOBAL_ACCENT_COLOR_NAME = AccentColor;
				CODE_SIGN_STYLE = Automatic;
				CURRENT_PROJECT_VERSION = 1;
				DEVELOPMENT_ASSET_PATHS = "\"20221018_Assignment/Preview Content\"";
				ENABLE_PREVIEWS = YES;
				GENERATE_INFOPLIST_FILE = YES;
				INFOPLIST_KEY_UIApplicationSceneManifest_Generation = YES;
				INFOPLIST_KEY_UIApplicationSupportsIndirectInputEvents = YES;
				INFOPLIST_KEY_UILaunchScreen_Generation = YES;
				INFOPLIST_KEY_UISupportedInterfaceOrientations_iPad = "UIInterfaceOrientationPortrait UIInterfaceOrientationPortraitUpsideDown UIInterfaceOrientationLandscapeLeft UIInterfaceOrientationLandscapeRight";
				INFOPLIST_KEY_UISupportedInterfaceOrientations_iPhone = "UIInterfaceOrientationPortrait UIInterfaceOrientationLandscapeLeft UIInterfaceOrientationLandscapeRight";
				LD_RUNPATH_SEARCH_PATHS = (
					"$(inherited)",
					"@executable_path/Frameworks",
				);
				MARKETING_VERSION = 1.0;
				PRODUCT_BUNDLE_IDENTIFIER = "com.codelion.-0221018-Assignment";
				PRODUCT_NAME = "$(TARGET_NAME)";
				SWIFT_EMIT_LOC_STRINGS = YES;
				SWIFT_VERSION = 5.0;
				TARGETED_DEVICE_FAMILY = "1,2";
			};
			name = Debug;
		};
		F4C7B333290413FD00FEC7C6 /* Release */ = {
			isa = XCBuildConfiguration;
			buildSettings = {
				ASSETCATALOG_COMPILER_APPICON_NAME = AppIcon;
				ASSETCATALOG_COMPILER_GLOBAL_ACCENT_COLOR_NAME = AccentColor;
				CODE_SIGN_STYLE = Automatic;
				CURRENT_PROJECT_VERSION = 1;
				DEVELOPMENT_ASSET_PATHS = "\"20221018_Assignment/Preview Content\"";
				ENABLE_PREVIEWS = YES;
				GENERATE_INFOPLIST_FILE = YES;
				INFOPLIST_KEY_UIApplicationSceneManifest_Generation = YES;
				INFOPLIST_KEY_UIApplicationSupportsIndirectInputEvents = YES;
				INFOPLIST_KEY_UILaunchScreen_Generation = YES;
				INFOPLIST_KEY_UISupportedInterfaceOrientations_iPad = "UIInterfaceOrientationPortrait UIInterfaceOrientationPortraitUpsideDown UIInterfaceOrientationLandscapeLeft UIInterfaceOrientationLandscapeRight";
				INFOPLIST_KEY_UISupportedInterfaceOrientations_iPhone = "UIInterfaceOrientationPortrait UIInterfaceOrientationLandscapeLeft UIInterfaceOrientationLandscapeRight";
				LD_RUNPATH_SEARCH_PATHS = (
					"$(inherited)",
					"@executable_path/Frameworks",
				);
				MARKETING_VERSION = 1.0;
				PRODUCT_BUNDLE_IDENTIFIER = "com.codelion.-0221018-Assignment";
				PRODUCT_NAME = "$(TARGET_NAME)";
				SWIFT_EMIT_LOC_STRINGS = YES;
				SWIFT_VERSION = 5.0;
				TARGETED_DEVICE_FAMILY = "1,2";
			};
			name = Release;
		};
/* End XCBuildConfiguration section */

/* Begin XCConfigurationList section */
		F4C7B31E290413FC00FEC7C6 /* Build configuration list for PBXProject "20221018_Assignment" */ = {
			isa = XCConfigurationList;
			buildConfigurations = (
				F4C7B32F290413FD00FEC7C6 /* Debug */,
				F4C7B330290413FD00FEC7C6 /* Release */,
			);
			defaultConfigurationIsVisible = 0;
			defaultConfigurationName = Release;
		};
		F4C7B331290413FD00FEC7C6 /* Build configuration list for PBXNativeTarget "20221018_Assignment" */ = {
			isa = XCConfigurationList;
			buildConfigurations = (
				F4C7B332290413FD00FEC7C6 /* Debug */,
				F4C7B333290413FD00FEC7C6 /* Release */,
			);
			defaultConfigurationIsVisible = 0;
			defaultConfigurationName = Release;
		};
/* End XCConfigurationList section */
	};
	rootObject = F4C7B31B290413FC00FEC7C6 /* Project object */;
}
